
Microsoft Visual Studio Solution File, Format Version 12.00
# Visual Studio 15
VisualStudioVersion = 15.0.27130.2010
MinimumVisualStudioVersion = 10.0.40219.1
Project("{9A19103F-16F7-4668-BE54-9A1E7A4F7556}") = "WebApplication5", "WebApplication5\WebApplication5.csproj", "{5C2E67B8-FBCD-4FF4-9B2D-1C52A86D41F1}"
EndProject
Project("{2150E333-8FDC-42A3-9474-1A3956D46DE8}") = "Solution Items", "Solution Items", "{58AB467C-8B77-4737-9578-2A702104A59D}"
	ProjectSection(SolutionItems) = preProject
		README.md = README.md
	EndProjectSection
EndProject
Global
	GlobalSection(SolutionConfigurationPlatforms) = preSolution
		Debug|Any CPU = Debug|Any CPU
		Release|Any CPU = Release|Any CPU
	EndGlobalSection
	GlobalSection(ProjectConfigurationPlatforms) = postSolution
		{5C2E67B8-FBCD-4FF4-9B2D-1C52A86D41F1}.Debug|Any CPU.ActiveCfg = Debug|Any CPU
		{5C2E67B8-FBCD-4FF4-9B2D-1C52A86D41F1}.Debug|Any CPU.Build.0 = Debug|Any CPU
		{5C2E67B8-FBCD-4FF4-9B2D-1C52A86D41F1}.Release|Any CPU.ActiveCfg = Release|Any CPU
		{5C2E67B8-FBCD-4FF4-9B2D-1C52A86D41F1}.Release|Any CPU.Build.0 = Release|Any CPU
	EndGlobalSection
	GlobalSection(SolutionProperties) = preSolution
		HideSolutionNode = FALSE
	EndGlobalSection
	GlobalSection(ExtensibilityGlobals) = postSolution
		SolutionGuid = {CF6B5857-5F7B-4459-938E-1A2AB7F8B1E0}
	EndGlobalSection
EndGlobal
